// !$*UTF8*$!
{
	archiveVersion = 1;
	classes = {
	};
	objectVersion = 56;
	objects = {

/* Begin PBXBuildFile section */
		FC657D222A8808B500EC8806 /* main.swift in Sources */ = {isa = PBXBuildFile; fileRef = FC657D212A8808B500EC8806 /* main.swift */; };
		FC657D2E2A88117A00EC8806 /* Rainbow in Frameworks */ = {isa = PBXBuildFile; productRef = FC657D2D2A88117A00EC8806 /* Rainbow */; };
		FC657D312A8812C100EC8806 /* KeychainBridge in Frameworks */ = {isa = PBXBuildFile; productRef = FC657D302A8812C100EC8806 /* KeychainBridge */; };
		FC657D362A8813CB00EC8806 /* Version.swift in Sources */ = {isa = PBXBuildFile; fileRef = FC657D352A8813CB00EC8806 /* Version.swift */; };
		FC657D382A88149E00EC8806 /* Statements.swift in Sources */ = {isa = PBXBuildFile; fileRef = FC657D372A88149E00EC8806 /* Statements.swift */; };
		FC657D3A2A88186600EC8806 /* Localization.swift in Sources */ = {isa = PBXBuildFile; fileRef = FC657D392A88186600EC8806 /* Localization.swift */; };
/* End PBXBuildFile section */

/* Begin PBXFileReference section */
		FC657D1E2A8808B500EC8806 /* Cassiopeia */ = {isa = PBXFileReference; explicitFileType = "compiled.mach-o.executable"; includeInIndex = 0; path = Cassiopeia; sourceTree = BUILT_PRODUCTS_DIR; };
		FC657D212A8808B500EC8806 /* main.swift */ = {isa = PBXFileReference; lastKnownFileType = sourcecode.swift; path = main.swift; sourceTree = "<group>"; };
		FC657D352A8813CB00EC8806 /* Version.swift */ = {isa = PBXFileReference; lastKnownFileType = sourcecode.swift; path = Version.swift; sourceTree = "<group>"; };
		FC657D372A88149E00EC8806 /* Statements.swift */ = {isa = PBXFileReference; lastKnownFileType = sourcecode.swift; path = Statements.swift; sourceTree = "<group>"; };
		FC657D392A88186600EC8806 /* Localization.swift */ = {isa = PBXFileReference; lastKnownFileType = sourcecode.swift; path = Localization.swift; sourceTree = "<group>"; };
/* End PBXFileReference section */

/* Begin PBXFrameworksBuildPhase section */
		FC657D1B2A8808B500EC8806 /* Frameworks */ = {
			isa = PBXFrameworksBuildPhase;
			buildActionMask = 2147483647;
			files = (
				FC657D2E2A88117A00EC8806 /* Rainbow in Frameworks */,
				FC657D312A8812C100EC8806 /* KeychainBridge in Frameworks */,
			);
			runOnlyForDeploymentPostprocessing = 0;
		};
/* End PBXFrameworksBuildPhase section */

/* Begin PBXGroup section */
		FC657D152A8808B500EC8806 = {
			isa = PBXGroup;
			children = (
				FC657D202A8808B500EC8806 /* Cassiopeia */,
				FC657D1F2A8808B500EC8806 /* Products */,
				FC657D2B2A880E8300EC8806 /* Frameworks */,
			);
			sourceTree = "<group>";
		};
		FC657D1F2A8808B500EC8806 /* Products */ = {
			isa = PBXGroup;
			children = (
				FC657D1E2A8808B500EC8806 /* Cassiopeia */,
			);
			name = Products;
			sourceTree = "<group>";
		};
		FC657D202A8808B500EC8806 /* Cassiopeia */ = {
			isa = PBXGroup;
			children = (
				FC657D322A88139500EC8806 /* Lib */,
				FC657D212A8808B500EC8806 /* main.swift */,
			);
			path = Cassiopeia;
			sourceTree = "<group>";
		};
		FC657D2B2A880E8300EC8806 /* Frameworks */ = {
			isa = PBXGroup;
			children = (
			);
			name = Frameworks;
			sourceTree = "<group>";
		};
		FC657D322A88139500EC8806 /* Lib */ = {
			isa = PBXGroup;
			children = (
				FC657D342A8813B700EC8806 /* Fixtures */,
				FC657D372A88149E00EC8806 /* Statements.swift */,
			);
			path = Lib;
			sourceTree = "<group>";
		};
		FC657D342A8813B700EC8806 /* Fixtures */ = {
			isa = PBXGroup;
			children = (
				FC657D352A8813CB00EC8806 /* Version.swift */,
				FC657D392A88186600EC8806 /* Localization.swift */,
			);
			path = Fixtures;
			sourceTree = "<group>";
		};
/* End PBXGroup section */

/* Begin PBXNativeTarget section */
		FC657D1D2A8808B500EC8806 /* Cassiopeia */ = {
			isa = PBXNativeTarget;
			buildConfigurationList = FC657D252A8808B500EC8806 /* Build configuration list for PBXNativeTarget "Cassiopeia" */;
			buildPhases = (
				FC657D1A2A8808B500EC8806 /* Sources */,
				FC657D1B2A8808B500EC8806 /* Frameworks */,
			);
			buildRules = (
			);
			dependencies = (
			);
			name = Cassiopeia;
			packageProductDependencies = (
				FC657D2D2A88117A00EC8806 /* Rainbow */,
				FC657D302A8812C100EC8806 /* KeychainBridge */,
			);
			productName = Cassiopeia;
			productReference = FC657D1E2A8808B500EC8806 /* Cassiopeia */;
			productType = "com.apple.product-type.tool";
		};
/* End PBXNativeTarget section */

/* Begin PBXProject section */
		FC657D162A8808B500EC8806 /* Project object */ = {
			isa = PBXProject;
			attributes = {
				BuildIndependentTargetsInParallel = 1;
				LastSwiftUpdateCheck = 1400;
				LastUpgradeCheck = 1400;
				TargetAttributes = {
					FC657D1D2A8808B500EC8806 = {
						CreatedOnToolsVersion = 14.0.1;
					};
				};
			};
			buildConfigurationList = FC657D192A8808B500EC8806 /* Build configuration list for PBXProject "Cassiopeia" */;
			compatibilityVersion = "Xcode 14.0";
			developmentRegion = en;
			hasScannedForEncodings = 0;
			knownRegions = (
				en,
				Base,
			);
			mainGroup = FC657D152A8808B500EC8806;
			packageReferences = (
				FC657D2C2A880FD800EC8806 /* XCRemoteSwiftPackageReference "Rainbow" */,
				FC657D2F2A8812C100EC8806 /* XCRemoteSwiftPackageReference "keychainbridge" */,
			);
			productRefGroup = FC657D1F2A8808B500EC8806 /* Products */;
			projectDirPath = "";
			projectRoot = "";
			targets = (
				FC657D1D2A8808B500EC8806 /* Cassiopeia */,
			);
		};
/* End PBXProject section */

/* Begin PBXSourcesBuildPhase section */
		FC657D1A2A8808B500EC8806 /* Sources */ = {
			isa = PBXSourcesBuildPhase;
			buildActionMask = 2147483647;
			files = (
				FC657D362A8813CB00EC8806 /* Version.swift in Sources */,
				FC657D382A88149E00EC8806 /* Statements.swift in Sources */,
				FC657D3A2A88186600EC8806 /* Localization.swift in Sources */,
				FC657D222A8808B500EC8806 /* main.swift in Sources */,
			);
			runOnlyForDeploymentPostprocessing = 0;
		};
/* End PBXSourcesBuildPhase section */

/* Begin XCBuildConfiguration section */
		FC657D232A8808B500EC8806 /* Debug */ = {
			isa = XCBuildConfiguration;
			buildSettings = {
				ALWAYS_SEARCH_USER_PATHS = NO;
				CLANG_ANALYZER_NONNULL = YES;
				CLANG_ANALYZER_NUMBER_OBJECT_CONVERSION = YES_AGGRESSIVE;
				CLANG_CXX_LANGUAGE_STANDARD = "gnu++20";
				CLANG_ENABLE_MODULES = YES;
				CLANG_ENABLE_OBJC_ARC = YES;
				CLANG_ENABLE_OBJC_WEAK = YES;
				CLANG_WARN_BLOCK_CAPTURE_AUTORELEASING = YES;
				CLANG_WARN_BOOL_CONVERSION = YES;
				CLANG_WARN_COMMA = YES;
				CLANG_WARN_CONSTANT_CONVERSION = YES;
				CLANG_WARN_DEPRECATED_OBJC_IMPLEMENTATIONS = YES;
				CLANG_WARN_DIRECT_OBJC_ISA_USAGE = YES_ERROR;
				CLANG_WARN_DOCUMENTATION_COMMENTS = YES;
				CLANG_WARN_EMPTY_BODY = YES;
				CLANG_WARN_ENUM_CONVERSION = YES;
				CLANG_WARN_INFINITE_RECURSION = YES;
				CLANG_WARN_INT_CONVERSION = YES;
				CLANG_WARN_NON_LITERAL_NULL_CONVERSION = YES;
				CLANG_WARN_OBJC_IMPLICIT_RETAIN_SELF = YES;
				CLANG_WARN_OBJC_LITERAL_CONVERSION = YES;
				CLANG_WARN_OBJC_ROOT_CLASS = YES_ERROR;
				CLANG_WARN_QUOTED_INCLUDE_IN_FRAMEWORK_HEADER = YES;
				CLANG_WARN_RANGE_LOOP_ANALYSIS = YES;
				CLANG_WARN_STRICT_PROTOTYPES = YES;
				CLANG_WARN_SUSPICIOUS_MOVE = YES;
				CLANG_WARN_UNGUARDED_AVAILABILITY = YES_AGGRESSIVE;
				CLANG_WARN_UNREACHABLE_CODE = YES;
				CLANG_WARN__DUPLICATE_METHOD_MATCH = YES;
				COPY_PHASE_STRIP = NO;
				DEBUG_INFORMATION_FORMAT = dwarf;
				ENABLE_STRICT_OBJC_MSGSEND = YES;
				ENABLE_TESTABILITY = YES;
				GCC_C_LANGUAGE_STANDARD = gnu11;
				GCC_DYNAMIC_NO_PIC = NO;
				GCC_NO_COMMON_BLOCKS = YES;
				GCC_OPTIMIZATION_LEVEL = 0;
				GCC_PREPROCESSOR_DEFINITIONS = (
					"DEBUG=1",
					"$(inherited)",
				);
				GCC_WARN_64_TO_32_BIT_CONVERSION = YES;
				GCC_WARN_ABOUT_RETURN_TYPE = YES_ERROR;
				GCC_WARN_UNDECLARED_SELECTOR = YES;
				GCC_WARN_UNINITIALIZED_AUTOS = YES_AGGRESSIVE;
				GCC_WARN_UNUSED_FUNCTION = YES;
				GCC_WARN_UNUSED_VARIABLE = YES;
				MACOSX_DEPLOYMENT_TARGET = 12.3;
				MTL_ENABLE_DEBUG_INFO = INCLUDE_SOURCE;
				MTL_FAST_MATH = YES;
				ONLY_ACTIVE_ARCH = YES;
				SDKROOT = macosx;
				SWIFT_ACTIVE_COMPILATION_CONDITIONS = DEBUG;
				SWIFT_OPTIMIZATION_LEVEL = "-Onone";
			};
			name = Debug;
		};
		FC657D242A8808B500EC8806 /* Release */ = {
			isa = XCBuildConfiguration;
			buildSettings = {
				ALWAYS_SEARCH_USER_PATHS = NO;
				CLANG_ANALYZER_NONNULL = YES;
				CLANG_ANALYZER_NUMBER_OBJECT_CONVERSION = YES_AGGRESSIVE;
				CLANG_CXX_LANGUAGE_STANDARD = "gnu++20";
				CLANG_ENABLE_MODULES = YES;
				CLANG_ENABLE_OBJC_ARC = YES;
				CLANG_ENABLE_OBJC_WEAK = YES;
				CLANG_WARN_BLOCK_CAPTURE_AUTORELEASING = YES;
				CLANG_WARN_BOOL_CONVERSION = YES;
				CLANG_WARN_COMMA = YES;
				CLANG_WARN_CONSTANT_CONVERSION = YES;
				CLANG_WARN_DEPRECATED_OBJC_IMPLEMENTATIONS = YES;
				CLANG_WARN_DIRECT_OBJC_ISA_USAGE = YES_ERROR;
				CLANG_WARN_DOCUMENTATION_COMMENTS = YES;
				CLANG_WARN_EMPTY_BODY = YES;
				CLANG_WARN_ENUM_CONVERSION = YES;
				CLANG_WARN_INFINITE_RECURSION = YES;
				CLANG_WARN_INT_CONVERSION = YES;
				CLANG_WARN_NON_LITERAL_NULL_CONVERSION = YES;
				CLANG_WARN_OBJC_IMPLICIT_RETAIN_SELF = YES;
				CLANG_WARN_OBJC_LITERAL_CONVERSION = YES;
				CLANG_WARN_OBJC_ROOT_CLASS = YES_ERROR;
				CLANG_WARN_QUOTED_INCLUDE_IN_FRAMEWORK_HEADER = YES;
				CLANG_WARN_RANGE_LOOP_ANALYSIS = YES;
				CLANG_WARN_STRICT_PROTOTYPES = YES;
				CLANG_WARN_SUSPICIOUS_MOVE = YES;
				CLANG_WARN_UNGUARDED_AVAILABILITY = YES_AGGRESSIVE;
				CLANG_WARN_UNREACHABLE_CODE = YES;
				CLANG_WARN__DUPLICATE_METHOD_MATCH = YES;
				COPY_PHASE_STRIP = NO;
				DEBUG_INFORMATION_FORMAT = "dwarf-with-dsym";
				ENABLE_NS_ASSERTIONS = NO;
				ENABLE_STRICT_OBJC_MSGSEND = YES;
				GCC_C_LANGUAGE_STANDARD = gnu11;
				GCC_NO_COMMON_BLOCKS = YES;
				GCC_WARN_64_TO_32_BIT_CONVERSION = YES;
				GCC_WARN_ABOUT_RETURN_TYPE = YES_ERROR;
				GCC_WARN_UNDECLARED_SELECTOR = YES;
				GCC_WARN_UNINITIALIZED_AUTOS = YES_AGGRESSIVE;
				GCC_WARN_UNUSED_FUNCTION = YES;
				GCC_WARN_UNUSED_VARIABLE = YES;
				MACOSX_DEPLOYMENT_TARGET = 12.3;
				MTL_ENABLE_DEBUG_INFO = NO;
				MTL_FAST_MATH = YES;
				SDKROOT = macosx;
				SWIFT_COMPILATION_MODE = wholemodule;
				SWIFT_OPTIMIZATION_LEVEL = "-O";
			};
			name = Release;
		};
		FC657D262A8808B500EC8806 /* Debug */ = {
			isa = XCBuildConfiguration;
			buildSettings = {
				CODE_SIGN_STYLE = Automatic;
				DEVELOPMENT_TEAM = 9Q6UB3UBW7;
				ENABLE_HARDENED_RUNTIME = YES;
				PRODUCT_BUNDLE_IDENTIFIER = com.aydarmedia.cassiopeia;
				PRODUCT_NAME = "$(TARGET_NAME)";
				SWIFT_VERSION = 5.0;
			};
			name = Debug;
		};
		FC657D272A8808B500EC8806 /* Release */ = {
			isa = XCBuildConfiguration;
			buildSettings = {
				CODE_SIGN_STYLE = Automatic;
				DEVELOPMENT_TEAM = 9Q6UB3UBW7;
				ENABLE_HARDENED_RUNTIME = YES;
				PRODUCT_BUNDLE_IDENTIFIER = com.aydarmedia.cassiopeia;
				PRODUCT_NAME = "$(TARGET_NAME)";
				SWIFT_VERSION = 5.0;
			};
			name = Release;
		};
/* End XCBuildConfiguration section */

/* Begin XCConfigurationList section */
		FC657D192A8808B500EC8806 /* Build configuration list for PBXProject "Cassiopeia" */ = {
			isa = XCConfigurationList;
			buildConfigurations = (
				FC657D232A8808B500EC8806 /* Debug */,
				FC657D242A8808B500EC8806 /* Release */,
			);
			defaultConfigurationIsVisible = 0;
			defaultConfigurationName = Release;
		};
		FC657D252A8808B500EC8806 /* Build configuration list for PBXNativeTarget "Cassiopeia" */ = {
			isa = XCConfigurationList;
			buildConfigurations = (
				FC657D262A8808B500EC8806 /* Debug */,
				FC657D272A8808B500EC8806 /* Release */,
			);
			defaultConfigurationIsVisible = 0;
			defaultConfigurationName = Release;
		};
/* End XCConfigurationList section */

/* Begin XCRemoteSwiftPackageReference section */
		FC657D2C2A880FD800EC8806 /* XCRemoteSwiftPackageReference "Rainbow" */ = {
			isa = XCRemoteSwiftPackageReference;
			repositoryURL = "https://github.com/onevcat/Rainbow";
			requirement = {
				kind = upToNextMajorVersion;
				minimumVersion = 4.0.0;
			};
		};
		FC657D2F2A8812C100EC8806 /* XCRemoteSwiftPackageReference "keychainbridge" */ = {
			isa = XCRemoteSwiftPackageReference;
			repositoryURL = "https://github.com/lesterrry/keychainbridge";
			requirement = {
				kind = upToNextMajorVersion;
				minimumVersion = 0.1.1;
			};
		};
/* End XCRemoteSwiftPackageReference section */

/* Begin XCSwiftPackageProductDependency section */
		FC657D2D2A88117A00EC8806 /* Rainbow */ = {
			isa = XCSwiftPackageProductDependency;
			package = FC657D2C2A880FD800EC8806 /* XCRemoteSwiftPackageReference "Rainbow" */;
			productName = Rainbow;
		};
		FC657D302A8812C100EC8806 /* KeychainBridge */ = {
			isa = XCSwiftPackageProductDependency;
			package = FC657D2F2A8812C100EC8806 /* XCRemoteSwiftPackageReference "keychainbridge" */;
			productName = KeychainBridge;
		};
/* End XCSwiftPackageProductDependency section */
	};
	rootObject = FC657D162A8808B500EC8806 /* Project object */;
}
