{
  "pins" : [
    {
      "identity" : "constellation",
      "kind" : "remoteSourceControl",
      "location" : "https://github.com/lesterrry/Constellation",
      "state" : {
        "revision" : "922dbbfa767fa1491b746a188f27f7f2f7d405df",
        "version" : "0.1.4"
      }
    },
    {
      "identity" : "keychainbridge",
      "kind" : "remoteSourceControl",
      "location" : "https://github.com/lesterrry/keychainbridge",
      "state" : {
        "revision" : "863147248277bc8eb158d4e34e476d60931f3972",
        "version" : "0.1.2"
      }
    },
    {
      "identity" : "rainbow",
      "kind" : "remoteSourceControl",
      "location" : "https://github.com/onevcat/Rainbow",
      "state" : {
        "revision" : "e0dada9cd44e3fa7ec3b867e49a8ddbf543e3df3",
        "version" : "4.0.1"
      }
    }
  ],
  "version" : 2
}
