{
  "pins" : [
    {
      "identity" : "constellation",
      "kind" : "remoteSourceControl",
      "location" : "https://github.com/lesterrry/Constellation",
      "state" : {
        "revision" : "58d899ee0c86d87bdfe953034f80edd96143c04f",
        "version" : "0.1.1"
      }
    },
    {
      "identity" : "keychainbridge",
      "kind" : "remoteSourceControl",
      "location" : "https://github.com/lesterrry/keychainbridge",
      "state" : {
        "revision" : "f996853845e31f6103433301663516e02d151900",
        "version" : "0.1.1"
      }
    },
    {
      "identity" : "rainbow",
      "kind" : "remoteSourceControl",
      "location" : "https://github.com/onevcat/Rainbow",
      "state" : {
        "revision" : "e0dada9cd44e3fa7ec3b867e49a8ddbf543e3df3",
        "version" : "4.0.1"
      }
    }
  ],
  "version" : 2
}
